
Microsoft Visual Studio Solution File, Format Version 12.00
# Visual Studio Version 16
VisualStudioVersion = 16.0.30413.136
MinimumVisualStudioVersion = 10.0.40219.1
Project("{FAE04EC0-301F-11D3-BF4B-00C04F79EFBC}") = "WindowsFormsApp5", "WindowsFormsApp5\WindowsFormsApp5.csproj", "{71EECEF5-068A-4E3F-9426-409602E18804}"
EndProject
Global
	GlobalSection(SolutionConfigurationPlatforms) = preSolution
		Debug|Any CPU = Debug|Any CPU
		Release|Any CPU = Release|Any CPU
	EndGlobalSection
	GlobalSection(ProjectConfigurationPlatforms) = postSolution
		{71EECEF5-068A-4E3F-9426-409602E18804}.Debug|Any CPU.ActiveCfg = Debug|Any CPU
		{71EECEF5-068A-4E3F-9426-409602E18804}.Debug|Any CPU.Build.0 = Debug|Any CPU
		{71EECEF5-068A-4E3F-9426-409602E18804}.Release|Any CPU.ActiveCfg = Release|Any CPU
		{71EECEF5-068A-4E3F-9426-409602E18804}.Release|Any CPU.Build.0 = Release|Any CPU
	EndGlobalSection
	GlobalSection(SolutionProperties) = preSolution
		HideSolutionNode = FALSE
	EndGlobalSection
	GlobalSection(ExtensibilityGlobals) = postSolution
		SolutionGuid = {B984A20D-AD16-4902-AD97-40A5CDA9417F}
	EndGlobalSection
EndGlobal
